
Microsoft Visual Studio Solution File, Format Version 12.00
# Visual Studio Version 16
VisualStudioVersion = 16.0.30104.148
MinimumVisualStudioVersion = 10.0.40219.1
Project("{FAE04EC0-301F-11D3-BF4B-00C04F79EFBC}") = "ATCRadarScreen", "ATCRadarScreen.csproj", "{6F384BB1-176E-4012-A6E1-E0B0059FB700}"
EndProject
Global
	GlobalSection(SolutionConfigurationPlatforms) = preSolution
		Debug|Any CPU = Debug|Any CPU
		Release|Any CPU = Release|Any CPU
	EndGlobalSection
	GlobalSection(ProjectConfigurationPlatforms) = postSolution
		{6F384BB1-176E-4012-A6E1-E0B0059FB700}.Debug|Any CPU.ActiveCfg = Debug|Any CPU
		{6F384BB1-176E-4012-A6E1-E0B0059FB700}.Debug|Any CPU.Build.0 = Debug|Any CPU
		{6F384BB1-176E-4012-A6E1-E0B0059FB700}.Release|Any CPU.ActiveCfg = Release|Any CPU
		{6F384BB1-176E-4012-A6E1-E0B0059FB700}.Release|Any CPU.Build.0 = Release|Any CPU
	EndGlobalSection
	GlobalSection(SolutionProperties) = preSolution
		HideSolutionNode = FALSE
	EndGlobalSection
	GlobalSection(ExtensibilityGlobals) = postSolution
		SolutionGuid = {B18AFFB3-CD9C-4CF5-B124-573E571BB3F0}
	EndGlobalSection
EndGlobal
